
Microsoft Visual Studio Solution File, Format Version 12.00
# Visual Studio 15
Project("{FAE04EC0-301F-11D3-BF4B-00C04F79EFBC}") = "Assembly-CSharp", "Assembly-CSharp.csproj", "{C34C6318-AE7F-7005-7AAE-2A269DDB4268}"
EndProject
Project("{FAE04EC0-301F-11D3-BF4B-00C04F79EFBC}") = "Assembly-CSharp-Editor", "Assembly-CSharp-Editor.csproj", "{D0BCBB7D-4BE1-2466-B81D-2B27F6472DDB}"
EndProject
Global
	GlobalSection(SolutionConfigurationPlatforms) = preSolution
		Debug|Any CPU = Debug|Any CPU
		Release|Any CPU = Release|Any CPU
	EndGlobalSection
	GlobalSection(ProjectConfigurationPlatforms) = postSolution
		{C34C6318-AE7F-7005-7AAE-2A269DDB4268}.Debug|Any CPU.ActiveCfg = Debug|Any CPU
		{C34C6318-AE7F-7005-7AAE-2A269DDB4268}.Debug|Any CPU.Build.0 = Debug|Any CPU
		{C34C6318-AE7F-7005-7AAE-2A269DDB4268}.Release|Any CPU.ActiveCfg = Release|Any CPU
		{C34C6318-AE7F-7005-7AAE-2A269DDB4268}.Release|Any CPU.Build.0 = Release|Any CPU
		{D0BCBB7D-4BE1-2466-B81D-2B27F6472DDB}.Debug|Any CPU.ActiveCfg = Debug|Any CPU
		{D0BCBB7D-4BE1-2466-B81D-2B27F6472DDB}.Debug|Any CPU.Build.0 = Debug|Any CPU
		{D0BCBB7D-4BE1-2466-B81D-2B27F6472DDB}.Release|Any CPU.ActiveCfg = Release|Any CPU
		{D0BCBB7D-4BE1-2466-B81D-2B27F6472DDB}.Release|Any CPU.Build.0 = Release|Any CPU
	EndGlobalSection
	GlobalSection(SolutionProperties) = preSolution
		HideSolutionNode = FALSE
	EndGlobalSection
EndGlobal
